// !$*UTF8*$!
{
	archiveVersion = 1;
	classes = {
	};
	objectVersion = 46;
	objects = {

/* Begin PBXBuildFile section */
		16A03C2D16CDB96E00351BBF /* UIKit.framework in Frameworks */ = {isa = PBXBuildFile; fileRef = 16A03C2C16CDB96E00351BBF /* UIKit.framework */; };
		16A03C2F16CDB96E00351BBF /* Foundation.framework in Frameworks */ = {isa = PBXBuildFile; fileRef = 16A03C2E16CDB96E00351BBF /* Foundation.framework */; };
		16A03C3116CDB96E00351BBF /* CoreGraphics.framework in Frameworks */ = {isa = PBXBuildFile; fileRef = 16A03C3016CDB96E00351BBF /* CoreGraphics.framework */; };
		16A03C3716CDB96E00351BBF /* InfoPlist.strings in Resources */ = {isa = PBXBuildFile; fileRef = 16A03C3516CDB96E00351BBF /* InfoPlist.strings */; };
		16A03C3916CDB96E00351BBF /* main.m in Sources */ = {isa = PBXBuildFile; fileRef = 16A03C3816CDB96E00351BBF /* main.m */; };
		16A03C3D16CDB96E00351BBF /* AppDelegate.m in Sources */ = {isa = PBXBuildFile; fileRef = 16A03C3C16CDB96E00351BBF /* AppDelegate.m */; };
		16A03C3F16CDB96E00351BBF /* Default.png in Resources */ = {isa = PBXBuildFile; fileRef = 16A03C3E16CDB96E00351BBF /* Default.png */; };
		16A03C4116CDB96E00351BBF /* Default@2x.png in Resources */ = {isa = PBXBuildFile; fileRef = 16A03C4016CDB96E00351BBF /* Default@2x.png */; };
		16A03C4316CDB96E00351BBF /* Default-568h@2x.png in Resources */ = {isa = PBXBuildFile; fileRef = 16A03C4216CDB96E00351BBF /* Default-568h@2x.png */; };
		16A03C4616CDB96E00351BBF /* MainStoryboard.storyboard in Resources */ = {isa = PBXBuildFile; fileRef = 16A03C4416CDB96E00351BBF /* MainStoryboard.storyboard */; };
		16A03C4916CDB96E00351BBF /* ViewController.m in Sources */ = {isa = PBXBuildFile; fileRef = 16A03C4816CDB96E00351BBF /* ViewController.m */; };
		16A03C5216CDBA2D00351BBF /* MazeCreator.cpp in Sources */ = {isa = PBXBuildFile; fileRef = 16A03C5016CDBA2D00351BBF /* MazeCreator.cpp */; };
		16A03C5516CDBE4F00351BBF /* MazeView.mm in Sources */ = {isa = PBXBuildFile; fileRef = 16A03C5416CDBE4F00351BBF /* MazeView.mm */; };
/* End PBXBuildFile section */

/* Begin PBXFileReference section */
		16A03C2816CDB96E00351BBF /* Maze.app */ = {isa = PBXFileReference; explicitFileType = wrapper.application; includeInIndex = 0; path = Maze.app; sourceTree = BUILT_PRODUCTS_DIR; };
		16A03C2C16CDB96E00351BBF /* UIKit.framework */ = {isa = PBXFileReference; lastKnownFileType = wrapper.framework; name = UIKit.framework; path = System/Library/Frameworks/UIKit.framework; sourceTree = SDKROOT; };
		16A03C2E16CDB96E00351BBF /* Foundation.framework */ = {isa = PBXFileReference; lastKnownFileType = wrapper.framework; name = Foundation.framework; path = System/Library/Frameworks/Foundation.framework; sourceTree = SDKROOT; };
		16A03C3016CDB96E00351BBF /* CoreGraphics.framework */ = {isa = PBXFileReference; lastKnownFileType = wrapper.framework; name = CoreGraphics.framework; path = System/Library/Frameworks/CoreGraphics.framework; sourceTree = SDKROOT; };
		16A03C3416CDB96E00351BBF /* Maze-Info.plist */ = {isa = PBXFileReference; lastKnownFileType = text.plist.xml; path = "Maze-Info.plist"; sourceTree = "<group>"; };
		16A03C3616CDB96E00351BBF /* en */ = {isa = PBXFileReference; lastKnownFileType = text.plist.strings; name = en; path = en.lproj/InfoPlist.strings; sourceTree = "<group>"; };
		16A03C3816CDB96E00351BBF /* main.m */ = {isa = PBXFileReference; lastKnownFileType = sourcecode.c.objc; path = main.m; sourceTree = "<group>"; };
		16A03C3A16CDB96E00351BBF /* Maze-Prefix.pch */ = {isa = PBXFileReference; lastKnownFileType = sourcecode.c.h; path = "Maze-Prefix.pch"; sourceTree = "<group>"; };
		16A03C3B16CDB96E00351BBF /* AppDelegate.h */ = {isa = PBXFileReference; lastKnownFileType = sourcecode.c.h; path = AppDelegate.h; sourceTree = "<group>"; };
		16A03C3C16CDB96E00351BBF /* AppDelegate.m */ = {isa = PBXFileReference; lastKnownFileType = sourcecode.c.objc; path = AppDelegate.m; sourceTree = "<group>"; };
		16A03C3E16CDB96E00351BBF /* Default.png */ = {isa = PBXFileReference; lastKnownFileType = image.png; path = Default.png; sourceTree = "<group>"; };
		16A03C4016CDB96E00351BBF /* Default@2x.png */ = {isa = PBXFileReference; lastKnownFileType = image.png; path = "Default@2x.png"; sourceTree = "<group>"; };
		16A03C4216CDB96E00351BBF /* Default-568h@2x.png */ = {isa = PBXFileReference; lastKnownFileType = image.png; path = "Default-568h@2x.png"; sourceTree = "<group>"; };
		16A03C4516CDB96E00351BBF /* en */ = {isa = PBXFileReference; lastKnownFileType = file.storyboard; name = en; path = en.lproj/MainStoryboard.storyboard; sourceTree = "<group>"; };
		16A03C4716CDB96E00351BBF /* ViewController.h */ = {isa = PBXFileReference; lastKnownFileType = sourcecode.c.h; path = ViewController.h; sourceTree = "<group>"; };
		16A03C4816CDB96E00351BBF /* ViewController.m */ = {isa = PBXFileReference; lastKnownFileType = sourcecode.c.objc; path = ViewController.m; sourceTree = "<group>"; };
		16A03C5016CDBA2D00351BBF /* MazeCreator.cpp */ = {isa = PBXFileReference; fileEncoding = 4; lastKnownFileType = sourcecode.cpp.cpp; path = MazeCreator.cpp; sourceTree = "<group>"; };
		16A03C5116CDBA2D00351BBF /* MazeCreator.h */ = {isa = PBXFileReference; fileEncoding = 4; lastKnownFileType = sourcecode.c.h; path = MazeCreator.h; sourceTree = "<group>"; };
		16A03C5316CDBE4F00351BBF /* MazeView.h */ = {isa = PBXFileReference; fileEncoding = 4; lastKnownFileType = sourcecode.c.h; path = MazeView.h; sourceTree = "<group>"; };
		16A03C5416CDBE4F00351BBF /* MazeView.mm */ = {isa = PBXFileReference; fileEncoding = 4; lastKnownFileType = sourcecode.cpp.objcpp; path = MazeView.mm; sourceTree = "<group>"; };
/* End PBXFileReference section */

/* Begin PBXFrameworksBuildPhase section */
		16A03C2516CDB96E00351BBF /* Frameworks */ = {
			isa = PBXFrameworksBuildPhase;
			buildActionMask = 2147483647;
			files = (
				16A03C2D16CDB96E00351BBF /* UIKit.framework in Frameworks */,
				16A03C2F16CDB96E00351BBF /* Foundation.framework in Frameworks */,
				16A03C3116CDB96E00351BBF /* CoreGraphics.framework in Frameworks */,
			);
			runOnlyForDeploymentPostprocessing = 0;
		};
/* End PBXFrameworksBuildPhase section */

/* Begin PBXGroup section */
		16A03C1D16CDB96E00351BBF = {
			isa = PBXGroup;
			children = (
				16A03C4F16CDB9DD00351BBF /* Solve */,
				16A03C3216CDB96E00351BBF /* Maze */,
				16A03C2B16CDB96E00351BBF /* Frameworks */,
				16A03C2916CDB96E00351BBF /* Products */,
			);
			sourceTree = "<group>";
		};
		16A03C2916CDB96E00351BBF /* Products */ = {
			isa = PBXGroup;
			children = (
				16A03C2816CDB96E00351BBF /* Maze.app */,
			);
			name = Products;
			sourceTree = "<group>";
		};
		16A03C2B16CDB96E00351BBF /* Frameworks */ = {
			isa = PBXGroup;
			children = (
				16A03C2C16CDB96E00351BBF /* UIKit.framework */,
				16A03C2E16CDB96E00351BBF /* Foundation.framework */,
				16A03C3016CDB96E00351BBF /* CoreGraphics.framework */,
			);
			name = Frameworks;
			sourceTree = "<group>";
		};
		16A03C3216CDB96E00351BBF /* Maze */ = {
			isa = PBXGroup;
			children = (
				16A03C3B16CDB96E00351BBF /* AppDelegate.h */,
				16A03C3C16CDB96E00351BBF /* AppDelegate.m */,
				16A03C4416CDB96E00351BBF /* MainStoryboard.storyboard */,
				16A03C4716CDB96E00351BBF /* ViewController.h */,
				16A03C4816CDB96E00351BBF /* ViewController.m */,
				16A03C5316CDBE4F00351BBF /* MazeView.h */,
				16A03C5416CDBE4F00351BBF /* MazeView.mm */,
				16A03C3316CDB96E00351BBF /* Supporting Files */,
			);
			path = Maze;
			sourceTree = "<group>";
		};
		16A03C3316CDB96E00351BBF /* Supporting Files */ = {
			isa = PBXGroup;
			children = (
				16A03C3416CDB96E00351BBF /* Maze-Info.plist */,
				16A03C3516CDB96E00351BBF /* InfoPlist.strings */,
				16A03C3816CDB96E00351BBF /* main.m */,
				16A03C3A16CDB96E00351BBF /* Maze-Prefix.pch */,
				16A03C3E16CDB96E00351BBF /* Default.png */,
				16A03C4016CDB96E00351BBF /* Default@2x.png */,
				16A03C4216CDB96E00351BBF /* Default-568h@2x.png */,
			);
			name = "Supporting Files";
			sourceTree = "<group>";
		};
		16A03C4F16CDB9DD00351BBF /* Solve */ = {
			isa = PBXGroup;
			children = (
				16A03C5016CDBA2D00351BBF /* MazeCreator.cpp */,
				16A03C5116CDBA2D00351BBF /* MazeCreator.h */,
			);
			path = Solve;
			sourceTree = "<group>";
		};
/* End PBXGroup section */

/* Begin PBXNativeTarget section */
		16A03C2716CDB96E00351BBF /* Maze */ = {
			isa = PBXNativeTarget;
			buildConfigurationList = 16A03C4C16CDB96E00351BBF /* Build configuration list for PBXNativeTarget "Maze" */;
			buildPhases = (
				16A03C2416CDB96E00351BBF /* Sources */,
				16A03C2516CDB96E00351BBF /* Frameworks */,
				16A03C2616CDB96E00351BBF /* Resources */,
			);
			buildRules = (
			);
			dependencies = (
			);
			name = Maze;
			productName = Maze;
			productReference = 16A03C2816CDB96E00351BBF /* Maze.app */;
			productType = "com.apple.product-type.application";
		};
/* End PBXNativeTarget section */

/* Begin PBXProject section */
		16A03C1F16CDB96E00351BBF /* Project object */ = {
			isa = PBXProject;
			attributes = {
				LastUpgradeCheck = 0450;
				ORGANIZATIONNAME = CFlat;
			};
			buildConfigurationList = 16A03C2216CDB96E00351BBF /* Build configuration list for PBXProject "Maze" */;
			compatibilityVersion = "Xcode 3.2";
			developmentRegion = English;
			hasScannedForEncodings = 0;
			knownRegions = (
				en,
			);
			mainGroup = 16A03C1D16CDB96E00351BBF;
			productRefGroup = 16A03C2916CDB96E00351BBF /* Products */;
			projectDirPath = "";
			projectRoot = "";
			targets = (
				16A03C2716CDB96E00351BBF /* Maze */,
			);
		};
/* End PBXProject section */

/* Begin PBXResourcesBuildPhase section */
		16A03C2616CDB96E00351BBF /* Resources */ = {
			isa = PBXResourcesBuildPhase;
			buildActionMask = 2147483647;
			files = (
				16A03C3716CDB96E00351BBF /* InfoPlist.strings in Resources */,
				16A03C3F16CDB96E00351BBF /* Default.png in Resources */,
				16A03C4116CDB96E00351BBF /* Default@2x.png in Resources */,
				16A03C4316CDB96E00351BBF /* Default-568h@2x.png in Resources */,
				16A03C4616CDB96E00351BBF /* MainStoryboard.storyboard in Resources */,
			);
			runOnlyForDeploymentPostprocessing = 0;
		};
/* End PBXResourcesBuildPhase section */

/* Begin PBXSourcesBuildPhase section */
		16A03C2416CDB96E00351BBF /* Sources */ = {
			isa = PBXSourcesBuildPhase;
			buildActionMask = 2147483647;
			files = (
				16A03C3916CDB96E00351BBF /* main.m in Sources */,
				16A03C3D16CDB96E00351BBF /* AppDelegate.m in Sources */,
				16A03C4916CDB96E00351BBF /* ViewController.m in Sources */,
				16A03C5216CDBA2D00351BBF /* MazeCreator.cpp in Sources */,
				16A03C5516CDBE4F00351BBF /* MazeView.mm in Sources */,
			);
			runOnlyForDeploymentPostprocessing = 0;
		};
/* End PBXSourcesBuildPhase section */

/* Begin PBXVariantGroup section */
		16A03C3516CDB96E00351BBF /* InfoPlist.strings */ = {
			isa = PBXVariantGroup;
			children = (
				16A03C3616CDB96E00351BBF /* en */,
			);
			name = InfoPlist.strings;
			sourceTree = "<group>";
		};
		16A03C4416CDB96E00351BBF /* MainStoryboard.storyboard */ = {
			isa = PBXVariantGroup;
			children = (
				16A03C4516CDB96E00351BBF /* en */,
			);
			name = MainStoryboard.storyboard;
			sourceTree = "<group>";
		};
/* End PBXVariantGroup section */

/* Begin XCBuildConfiguration section */
		16A03C4A16CDB96E00351BBF /* Debug */ = {
			isa = XCBuildConfiguration;
			buildSettings = {
				ALWAYS_SEARCH_USER_PATHS = NO;
				CLANG_CXX_LANGUAGE_STANDARD = "gnu++0x";
				CLANG_CXX_LIBRARY = "libc++";
				CLANG_ENABLE_OBJC_ARC = YES;
				CLANG_WARN_EMPTY_BODY = YES;
				CLANG_WARN__DUPLICATE_METHOD_MATCH = YES;
				"CODE_SIGN_IDENTITY[sdk=iphoneos*]" = "iPhone Developer";
				COPY_PHASE_STRIP = NO;
				GCC_C_LANGUAGE_STANDARD = gnu99;
				GCC_DYNAMIC_NO_PIC = NO;
				GCC_OPTIMIZATION_LEVEL = 0;
				GCC_PREPROCESSOR_DEFINITIONS = (
					"DEBUG=1",
					"$(inherited)",
				);
				GCC_SYMBOLS_PRIVATE_EXTERN = NO;
				GCC_WARN_ABOUT_RETURN_TYPE = YES;
				GCC_WARN_UNINITIALIZED_AUTOS = YES;
				GCC_WARN_UNUSED_VARIABLE = YES;
				IPHONEOS_DEPLOYMENT_TARGET = 6.0;
				ONLY_ACTIVE_ARCH = YES;
				SDKROOT = iphoneos;
			};
			name = Debug;
		};
		16A03C4B16CDB96E00351BBF /* Release */ = {
			isa = XCBuildConfiguration;
			buildSettings = {
				ALWAYS_SEARCH_USER_PATHS = NO;
				CLANG_CXX_LANGUAGE_STANDARD = "gnu++0x";
				CLANG_CXX_LIBRARY = "libc++";
				CLANG_ENABLE_OBJC_ARC = YES;
				CLANG_WARN_EMPTY_BODY = YES;
				CLANG_WARN__DUPLICATE_METHOD_MATCH = YES;
				"CODE_SIGN_IDENTITY[sdk=iphoneos*]" = "iPhone Developer";
				COPY_PHASE_STRIP = YES;
				GCC_C_LANGUAGE_STANDARD = gnu99;
				GCC_WARN_ABOUT_RETURN_TYPE = YES;
				GCC_WARN_UNINITIALIZED_AUTOS = YES;
				GCC_WARN_UNUSED_VARIABLE = YES;
				IPHONEOS_DEPLOYMENT_TARGET = 6.0;
				OTHER_CFLAGS = "-DNS_BLOCK_ASSERTIONS=1";
				SDKROOT = iphoneos;
				VALIDATE_PRODUCT = YES;
			};
			name = Release;
		};
		16A03C4D16CDB96E00351BBF /* Debug */ = {
			isa = XCBuildConfiguration;
			buildSettings = {
				GCC_PRECOMPILE_PREFIX_HEADER = YES;
				GCC_PREFIX_HEADER = "Maze/Maze-Prefix.pch";
				INFOPLIST_FILE = "Maze/Maze-Info.plist";
				PRODUCT_NAME = "$(TARGET_NAME)";
				WRAPPER_EXTENSION = app;
			};
			name = Debug;
		};
		16A03C4E16CDB96E00351BBF /* Release */ = {
			isa = XCBuildConfiguration;
			buildSettings = {
				GCC_PRECOMPILE_PREFIX_HEADER = YES;
				GCC_PREFIX_HEADER = "Maze/Maze-Prefix.pch";
				INFOPLIST_FILE = "Maze/Maze-Info.plist";
				PRODUCT_NAME = "$(TARGET_NAME)";
				WRAPPER_EXTENSION = app;
			};
			name = Release;
		};
/* End XCBuildConfiguration section */

/* Begin XCConfigurationList section */
		16A03C2216CDB96E00351BBF /* Build configuration list for PBXProject "Maze" */ = {
			isa = XCConfigurationList;
			buildConfigurations = (
				16A03C4A16CDB96E00351BBF /* Debug */,
				16A03C4B16CDB96E00351BBF /* Release */,
			);
			defaultConfigurationIsVisible = 0;
			defaultConfigurationName = Release;
		};
		16A03C4C16CDB96E00351BBF /* Build configuration list for PBXNativeTarget "Maze" */ = {
			isa = XCConfigurationList;
			buildConfigurations = (
				16A03C4D16CDB96E00351BBF /* Debug */,
				16A03C4E16CDB96E00351BBF /* Release */,
			);
			defaultConfigurationIsVisible = 0;
		};
/* End XCConfigurationList section */
	};
	rootObject = 16A03C1F16CDB96E00351BBF /* Project object */;
}
